
Microsoft Visual Studio Solution File, Format Version 12.00
# Visual Studio Version 16
VisualStudioVersion = 16.0.31729.503
MinimumVisualStudioVersion = 10.0.40219.1
Project("{FAE04EC0-301F-11D3-BF4B-00C04F79EFBC}") = "prac2.3(wf)", "prac2.3(wf)\prac2.3(wf).csproj", "{6CF91AA4-2805-4F62-BD16-38064C813343}"
EndProject
Global
	GlobalSection(SolutionConfigurationPlatforms) = preSolution
		Debug|Any CPU = Debug|Any CPU
		Release|Any CPU = Release|Any CPU
	EndGlobalSection
	GlobalSection(ProjectConfigurationPlatforms) = postSolution
		{6CF91AA4-2805-4F62-BD16-38064C813343}.Debug|Any CPU.ActiveCfg = Debug|Any CPU
		{6CF91AA4-2805-4F62-BD16-38064C813343}.Debug|Any CPU.Build.0 = Debug|Any CPU
		{6CF91AA4-2805-4F62-BD16-38064C813343}.Release|Any CPU.ActiveCfg = Release|Any CPU
		{6CF91AA4-2805-4F62-BD16-38064C813343}.Release|Any CPU.Build.0 = Release|Any CPU
	EndGlobalSection
	GlobalSection(SolutionProperties) = preSolution
		HideSolutionNode = FALSE
	EndGlobalSection
	GlobalSection(ExtensibilityGlobals) = postSolution
		SolutionGuid = {15E52448-FD47-48C2-BF0C-A7A4E0502145}
	EndGlobalSection
EndGlobal
